
Microsoft Visual Studio Solution File, Format Version 11.00
# Visual Studio 2010
Project("{FAE04EC0-301F-11D3-BF4B-00C04F79EFBC}") = "MyLucid", "MyLucid\MyLucid.csproj", "{012833F2-DA07-496B-BB43-D38A2ABDC97A}"
EndProject
Global
	GlobalSection(SolutionConfigurationPlatforms) = preSolution
		Debug|iPhoneSimulator = Debug|iPhoneSimulator
		Release|iPhoneSimulator = Release|iPhoneSimulator
		Debug|iPhone = Debug|iPhone
		Release|iPhone = Release|iPhone
		Ad-Hoc|iPhone = Ad-Hoc|iPhone
		AppStore|iPhone = AppStore|iPhone
	EndGlobalSection
	GlobalSection(ProjectConfigurationPlatforms) = postSolution
		{012833F2-DA07-496B-BB43-D38A2ABDC97A}.Ad-Hoc|iPhone.ActiveCfg = Ad-Hoc|iPhone
		{012833F2-DA07-496B-BB43-D38A2ABDC97A}.Ad-Hoc|iPhone.Build.0 = Ad-Hoc|iPhone
		{012833F2-DA07-496B-BB43-D38A2ABDC97A}.AppStore|iPhone.ActiveCfg = AppStore|iPhone
		{012833F2-DA07-496B-BB43-D38A2ABDC97A}.AppStore|iPhone.Build.0 = AppStore|iPhone
		{012833F2-DA07-496B-BB43-D38A2ABDC97A}.Debug|iPhone.ActiveCfg = Debug|iPhone
		{012833F2-DA07-496B-BB43-D38A2ABDC97A}.Debug|iPhone.Build.0 = Debug|iPhone
		{012833F2-DA07-496B-BB43-D38A2ABDC97A}.Debug|iPhoneSimulator.ActiveCfg = Debug|iPhoneSimulator
		{012833F2-DA07-496B-BB43-D38A2ABDC97A}.Debug|iPhoneSimulator.Build.0 = Debug|iPhoneSimulator
		{012833F2-DA07-496B-BB43-D38A2ABDC97A}.Release|iPhone.ActiveCfg = Release|iPhone
		{012833F2-DA07-496B-BB43-D38A2ABDC97A}.Release|iPhone.Build.0 = Release|iPhone
		{012833F2-DA07-496B-BB43-D38A2ABDC97A}.Release|iPhoneSimulator.ActiveCfg = Release|iPhoneSimulator
		{012833F2-DA07-496B-BB43-D38A2ABDC97A}.Release|iPhoneSimulator.Build.0 = Release|iPhoneSimulator
	EndGlobalSection
	GlobalSection(MonoDevelopProperties) = preSolution
		StartupItem = MyLucid\MyLucid.csproj
	EndGlobalSection
EndGlobal
